
Microsoft Visual Studio Solution File, Format Version 12.00
# Visual Studio Version 16
VisualStudioVersion = 16.0.30509.190
MinimumVisualStudioVersion = 10.0.40219.1
Project("{FAE04EC0-301F-11D3-BF4B-00C04F79EFBC}") = "TestBtLinkApp", "TestBtLinkApp\TestBtLinkApp.csproj", "{EC69203C-CA1F-4A88-A928-2E7C538C5F8C}"
EndProject
Global
	GlobalSection(SolutionConfigurationPlatforms) = preSolution
		Debug|Any CPU = Debug|Any CPU
		Release|Any CPU = Release|Any CPU
	EndGlobalSection
	GlobalSection(ProjectConfigurationPlatforms) = postSolution
		{EC69203C-CA1F-4A88-A928-2E7C538C5F8C}.Debug|Any CPU.ActiveCfg = Debug|Any CPU
		{EC69203C-CA1F-4A88-A928-2E7C538C5F8C}.Debug|Any CPU.Build.0 = Debug|Any CPU
		{EC69203C-CA1F-4A88-A928-2E7C538C5F8C}.Release|Any CPU.ActiveCfg = Release|Any CPU
		{EC69203C-CA1F-4A88-A928-2E7C538C5F8C}.Release|Any CPU.Build.0 = Release|Any CPU
	EndGlobalSection
	GlobalSection(SolutionProperties) = preSolution
		HideSolutionNode = FALSE
	EndGlobalSection
	GlobalSection(ExtensibilityGlobals) = postSolution
		SolutionGuid = {309E7B98-52FF-46A8-B70C-A81FFDC076A2}
	EndGlobalSection
EndGlobal
